
Microsoft Visual Studio Solution File, Format Version 11.00
# Visual Studio 2010
Project("{FAE04EC0-301F-11D3-BF4B-00C04F79EFBC}") = "AlphaNumeric", "AlphaNumericConversion\AlphaNumeric.csproj", "{9F2C018D-44E3-4897-82B2-A8FEFAB91E2A}"
EndProject
Global
	GlobalSection(SolutionConfigurationPlatforms) = preSolution
		Debug|Any CPU = Debug|Any CPU
		Release|Any CPU = Release|Any CPU
	EndGlobalSection
	GlobalSection(ProjectConfigurationPlatforms) = postSolution
		{9F2C018D-44E3-4897-82B2-A8FEFAB91E2A}.Debug|Any CPU.ActiveCfg = Debug|Any CPU
		{9F2C018D-44E3-4897-82B2-A8FEFAB91E2A}.Debug|Any CPU.Build.0 = Debug|Any CPU
		{9F2C018D-44E3-4897-82B2-A8FEFAB91E2A}.Release|Any CPU.ActiveCfg = Release|Any CPU
		{9F2C018D-44E3-4897-82B2-A8FEFAB91E2A}.Release|Any CPU.Build.0 = Release|Any CPU
	EndGlobalSection
	GlobalSection(SolutionProperties) = preSolution
		HideSolutionNode = FALSE
	EndGlobalSection
EndGlobal
